
Microsoft Visual Studio Solution File, Format Version 12.00
# Visual Studio Version 17
VisualStudioVersion = 17.5.002.0
MinimumVisualStudioVersion = 10.0.40219.1
Project("{9A19103F-16F7-4668-BE54-9A1E7A4F7556}") = "MyWebAPI", "MyWebAPI.csproj", "{7824EC94-EF09-4513-9B26-9B925F69B041}"
EndProject
Global
	GlobalSection(SolutionConfigurationPlatforms) = preSolution
		Debug|Any CPU = Debug|Any CPU
		Release|Any CPU = Release|Any CPU
	EndGlobalSection
	GlobalSection(ProjectConfigurationPlatforms) = postSolution
		{7824EC94-EF09-4513-9B26-9B925F69B041}.Debug|Any CPU.ActiveCfg = Debug|Any CPU
		{7824EC94-EF09-4513-9B26-9B925F69B041}.Debug|Any CPU.Build.0 = Debug|Any CPU
		{7824EC94-EF09-4513-9B26-9B925F69B041}.Release|Any CPU.ActiveCfg = Release|Any CPU
		{7824EC94-EF09-4513-9B26-9B925F69B041}.Release|Any CPU.Build.0 = Release|Any CPU
	EndGlobalSection
	GlobalSection(SolutionProperties) = preSolution
		HideSolutionNode = FALSE
	EndGlobalSection
	GlobalSection(ExtensibilityGlobals) = postSolution
		SolutionGuid = {E88DC6B8-3D31-41E6-AF12-0576CCE04B27}
	EndGlobalSection
EndGlobal
